
Microsoft Visual Studio Solution File, Format Version 12.00
Project("{FAE04EC0-301F-11D3-BF4B-00C04F79EFBC}") = "JwtToken.Api", "JwtToken.Api\JwtToken.Api.csproj", "{FA72595A-AFCD-4E0B-A07A-258984D741FE}"
EndProject
Project("{2150E333-8FDC-42A3-9474-1A3956D46DE8}") = "Solution Items", "Solution Items", "{EA4977EF-E4E6-4172-BE62-08D26BEFA11F}"
	ProjectSection(SolutionItems) = preProject
		docker-compose.yml = docker-compose.yml
	EndProjectSection
EndProject
Global
	GlobalSection(SolutionConfigurationPlatforms) = preSolution
		Debug|Any CPU = Debug|Any CPU
		Release|Any CPU = Release|Any CPU
	EndGlobalSection
	GlobalSection(ProjectConfigurationPlatforms) = postSolution
		{FA72595A-AFCD-4E0B-A07A-258984D741FE}.Debug|Any CPU.ActiveCfg = Debug|Any CPU
		{FA72595A-AFCD-4E0B-A07A-258984D741FE}.Debug|Any CPU.Build.0 = Debug|Any CPU
		{FA72595A-AFCD-4E0B-A07A-258984D741FE}.Release|Any CPU.ActiveCfg = Release|Any CPU
		{FA72595A-AFCD-4E0B-A07A-258984D741FE}.Release|Any CPU.Build.0 = Release|Any CPU
	EndGlobalSection
EndGlobal
